# THIS IS AN AUTOGENERATED FILE. DO NOT EDIT THIS FILE DIRECTLY.
# yarn lockfile v1


"@inabagumi/prettier-config@^1.0.0":
  version "1.0.0"
  resolved "https://registry.npmjs.org/@inabagumi/prettier-config/-/prettier-config-1.0.0.tgz#ac77b1217e0656956621c596f7451c1f858dcd58"
  integrity sha512-i/NAhEZh/w3RMxLQpsygqwvQXaoEnmXepauyNp6UExNyafXUtv4LqgaVnDqh78OSlv3WQPhf1u5sasrE8NEa1Q==

prettier@^1.18.2:
  version "1.18.2"
  resolved "https://registry.npmjs.org/prettier/-/prettier-1.18.2.tgz#6823e7c5900017b4bd3acf46fe9ac4b4d7bda9ea"
  integrity sha512-OeHeMc0JhFE9idD4ZdtNibzY0+TPHSpSSb9h8FqtP+YnoZZ1sl8Vc9b1sasjfymH3SonAF4QcA2+mzHPhMvIiw==
